// !$*UTF8*$!
{
	archiveVersion = 1;
	classes = {
	};
	objectVersion = 55;
	objects = {

/* Begin PBXBuildFile section */
		F20154EA2844C3CA007CF4EE /* GameSessionModel.swift in Sources */ = {isa = PBXBuildFile; fileRef = F20154E92844C3CA007CF4EE /* GameSessionModel.swift */; };
		F21329452845FEE600BA229A /* ResultsViewController.swift in Sources */ = {isa = PBXBuildFile; fileRef = F21329442845FEE600BA229A /* ResultsViewController.swift */; };
		F21329472846023D00BA229A /* ResultTableViewCell.swift in Sources */ = {isa = PBXBuildFile; fileRef = F21329462846023D00BA229A /* ResultTableViewCell.swift */; };
		F213294D2846145A00BA229A /* Assets.xcassets in Resources */ = {isa = PBXBuildFile; fileRef = F213294C2846145900BA229A /* Assets.xcassets */; };
		F21F91AC284284E500FE082E /* MyAssets.swift in Sources */ = {isa = PBXBuildFile; fileRef = F21F91AB284284E500FE082E /* MyAssets.swift */; };
		F21F91B028428BDF00FE082E /* GameButton.swift in Sources */ = {isa = PBXBuildFile; fileRef = F21F91AF28428BDF00FE082E /* GameButton.swift */; };
		F2218D30284B2D0700C441DF /* SettingsViewController.swift in Sources */ = {isa = PBXBuildFile; fileRef = F2218D2F284B2D0700C441DF /* SettingsViewController.swift */; };
		F2218D33284B5B8D00C441DF /* Observable.swift in Sources */ = {isa = PBXBuildFile; fileRef = F2218D32284B5B8D00C441DF /* Observable.swift */; };
		F270117B2848C9CD009DD731 /* QuestionsStrategy.swift in Sources */ = {isa = PBXBuildFile; fileRef = F270117A2848C9CD009DD731 /* QuestionsStrategy.swift */; };
		F270117E2848D239009DD731 /* QuestionsData.swift in Sources */ = {isa = PBXBuildFile; fileRef = F270117D2848D239009DD731 /* QuestionsData.swift */; };
		F27011812848DB28009DD731 /* GameProvider.swift in Sources */ = {isa = PBXBuildFile; fileRef = F27011802848DB28009DD731 /* GameProvider.swift */; };
		F27011832848DB43009DD731 /* LaunchScreen.storyboard in Resources */ = {isa = PBXBuildFile; fileRef = F27011822848DB43009DD731 /* LaunchScreen.storyboard */; };
		F27858AC2843569D007895C5 /* GameViewController.swift in Sources */ = {isa = PBXBuildFile; fileRef = F27858AB2843569D007895C5 /* GameViewController.swift */; };
		F27858AE28435D3D007895C5 /* GameButtonsStackView.swift in Sources */ = {isa = PBXBuildFile; fileRef = F27858AD28435D3D007895C5 /* GameButtonsStackView.swift */; };
		F279BE4E284629C1000ECC3A /* ResultsCaretakerLayer.swift in Sources */ = {isa = PBXBuildFile; fileRef = F279BE4D284629C1000ECC3A /* ResultsCaretakerLayer.swift */; };
		F279BE5A284645F6000ECC3A /* ResultModel.swift in Sources */ = {isa = PBXBuildFile; fileRef = F279BE59284645F6000ECC3A /* ResultModel.swift */; };
		F279BE5C28464667000ECC3A /* QuestionsModel.swift in Sources */ = {isa = PBXBuildFile; fileRef = F279BE5B28464667000ECC3A /* QuestionsModel.swift */; };
		F279BE6428464728000ECC3A /* GameLayer.swift in Sources */ = {isa = PBXBuildFile; fileRef = F279BE6328464728000ECC3A /* GameLayer.swift */; };
		F2DFD45E2842002000E64D40 /* AppDelegate.swift in Sources */ = {isa = PBXBuildFile; fileRef = F2DFD45D2842002000E64D40 /* AppDelegate.swift */; };
		F2DFD4602842002000E64D40 /* SceneDelegate.swift in Sources */ = {isa = PBXBuildFile; fileRef = F2DFD45F2842002000E64D40 /* SceneDelegate.swift */; };
		F2DFD4722842055400E64D40 /* MainViewController.swift in Sources */ = {isa = PBXBuildFile; fileRef = F2DFD4712842055400E64D40 /* MainViewController.swift */; };
		F2DFD475284206B100E64D40 /* .swiftlint.yml in Resources */ = {isa = PBXBuildFile; fileRef = F2DFD474284206B100E64D40 /* .swiftlint.yml */; };
		F2DFD47728420E5300E64D40 /* .gitignore in Resources */ = {isa = PBXBuildFile; fileRef = F2DFD47628420E5300E64D40 /* .gitignore */; };
/* End PBXBuildFile section */

/* Begin PBXFileReference section */
		F20154E92844C3CA007CF4EE /* GameSessionModel.swift */ = {isa = PBXFileReference; lastKnownFileType = sourcecode.swift; path = GameSessionModel.swift; sourceTree = "<group>"; };
		F21329442845FEE600BA229A /* ResultsViewController.swift */ = {isa = PBXFileReference; lastKnownFileType = sourcecode.swift; path = ResultsViewController.swift; sourceTree = "<group>"; };
		F21329462846023D00BA229A /* ResultTableViewCell.swift */ = {isa = PBXFileReference; lastKnownFileType = sourcecode.swift; path = ResultTableViewCell.swift; sourceTree = "<group>"; };
		F213294C2846145900BA229A /* Assets.xcassets */ = {isa = PBXFileReference; lastKnownFileType = folder.assetcatalog; path = Assets.xcassets; sourceTree = "<group>"; };
		F21F91AB284284E500FE082E /* MyAssets.swift */ = {isa = PBXFileReference; lastKnownFileType = sourcecode.swift; path = MyAssets.swift; sourceTree = "<group>"; };
		F21F91AF28428BDF00FE082E /* GameButton.swift */ = {isa = PBXFileReference; lastKnownFileType = sourcecode.swift; path = GameButton.swift; sourceTree = "<group>"; };
		F2218D2F284B2D0700C441DF /* SettingsViewController.swift */ = {isa = PBXFileReference; lastKnownFileType = sourcecode.swift; path = SettingsViewController.swift; sourceTree = "<group>"; };
		F2218D32284B5B8D00C441DF /* Observable.swift */ = {isa = PBXFileReference; lastKnownFileType = sourcecode.swift; path = Observable.swift; sourceTree = "<group>"; };
		F270117A2848C9CD009DD731 /* QuestionsStrategy.swift */ = {isa = PBXFileReference; lastKnownFileType = sourcecode.swift; path = QuestionsStrategy.swift; sourceTree = "<group>"; };
		F270117D2848D239009DD731 /* QuestionsData.swift */ = {isa = PBXFileReference; lastKnownFileType = sourcecode.swift; path = QuestionsData.swift; sourceTree = "<group>"; };
		F27011802848DB28009DD731 /* GameProvider.swift */ = {isa = PBXFileReference; fileEncoding = 4; lastKnownFileType = sourcecode.swift; path = GameProvider.swift; sourceTree = "<group>"; };
		F27011822848DB43009DD731 /* LaunchScreen.storyboard */ = {isa = PBXFileReference; fileEncoding = 4; lastKnownFileType = file.storyboard; path = LaunchScreen.storyboard; sourceTree = "<group>"; };
		F27858AB2843569D007895C5 /* GameViewController.swift */ = {isa = PBXFileReference; lastKnownFileType = sourcecode.swift; path = GameViewController.swift; sourceTree = "<group>"; };
		F27858AD28435D3D007895C5 /* GameButtonsStackView.swift */ = {isa = PBXFileReference; lastKnownFileType = sourcecode.swift; path = GameButtonsStackView.swift; sourceTree = "<group>"; };
		F279BE4D284629C1000ECC3A /* ResultsCaretakerLayer.swift */ = {isa = PBXFileReference; lastKnownFileType = sourcecode.swift; path = ResultsCaretakerLayer.swift; sourceTree = "<group>"; };
		F279BE59284645F6000ECC3A /* ResultModel.swift */ = {isa = PBXFileReference; lastKnownFileType = sourcecode.swift; path = ResultModel.swift; sourceTree = "<group>"; };
		F279BE5B28464667000ECC3A /* QuestionsModel.swift */ = {isa = PBXFileReference; lastKnownFileType = sourcecode.swift; path = QuestionsModel.swift; sourceTree = "<group>"; };
		F279BE6328464728000ECC3A /* GameLayer.swift */ = {isa = PBXFileReference; fileEncoding = 4; lastKnownFileType = sourcecode.swift; path = GameLayer.swift; sourceTree = "<group>"; };
		F2DFD45A2842002000E64D40 /* millionaireGame.app */ = {isa = PBXFileReference; explicitFileType = wrapper.application; includeInIndex = 0; path = millionaireGame.app; sourceTree = BUILT_PRODUCTS_DIR; };
		F2DFD45D2842002000E64D40 /* AppDelegate.swift */ = {isa = PBXFileReference; lastKnownFileType = sourcecode.swift; path = AppDelegate.swift; sourceTree = "<group>"; };
		F2DFD45F2842002000E64D40 /* SceneDelegate.swift */ = {isa = PBXFileReference; lastKnownFileType = sourcecode.swift; path = SceneDelegate.swift; sourceTree = "<group>"; };
		F2DFD46B2842002200E64D40 /* Info.plist */ = {isa = PBXFileReference; lastKnownFileType = text.plist.xml; path = Info.plist; sourceTree = "<group>"; };
		F2DFD4712842055400E64D40 /* MainViewController.swift */ = {isa = PBXFileReference; lastKnownFileType = sourcecode.swift; path = MainViewController.swift; sourceTree = "<group>"; };
		F2DFD474284206B100E64D40 /* .swiftlint.yml */ = {isa = PBXFileReference; fileEncoding = 4; lastKnownFileType = text.yaml; path = .swiftlint.yml; sourceTree = "<group>"; };
		F2DFD47628420E5300E64D40 /* .gitignore */ = {isa = PBXFileReference; fileEncoding = 4; lastKnownFileType = text; path = .gitignore; sourceTree = "<group>"; };
/* End PBXFileReference section */

/* Begin PBXFrameworksBuildPhase section */
		F2DFD4572842002000E64D40 /* Frameworks */ = {
			isa = PBXFrameworksBuildPhase;
			buildActionMask = 2147483647;
			files = (
			);
			runOnlyForDeploymentPostprocessing = 0;
		};
/* End PBXFrameworksBuildPhase section */

/* Begin PBXGroup section */
		F21329432845FED300BA229A /* Results */ = {
			isa = PBXGroup;
			children = (
				F279BE4F284633F6000ECC3A /* Controller */,
				F279BE5128463408000ECC3A /* Cell */,
			);
			path = Results;
			sourceTree = "<group>";
		};
		F21F91A9284284A100FE082E /* Screens */ = {
			isa = PBXGroup;
			children = (
				F21F91AD284285A700FE082E /* Main */,
				F27858AA28435681007895C5 /* Game */,
				F21329432845FED300BA229A /* Results */,
				F2218D2E284B2CC400C441DF /* Settings */,
			);
			path = Screens;
			sourceTree = "<group>";
		};
		F21F91AA284284AE00FE082E /* Supports */ = {
			isa = PBXGroup;
			children = (
				F2218D31284B5B7700C441DF /* Observable */,
				F27858B328437DEA007895C5 /* Providers */,
				F279BE5D284646F7000ECC3A /* Layers */,
				F279BE5728464589000ECC3A /* Helpers */,
				F279BE5528464567000ECC3A /* My assets */,
				F2218D32284B5B8D00C441DF /* Observable.swift */,
			);
			path = Supports;
			sourceTree = "<group>";
		};
		F21F91AD284285A700FE082E /* Main */ = {
			isa = PBXGroup;
			children = (
				F2DFD4712842055400E64D40 /* MainViewController.swift */,
			);
			path = Main;
			sourceTree = "<group>";
		};
		F21F91AE28428BCB00FE082E /* UI */ = {
			isa = PBXGroup;
			children = (
				F21F91AF28428BDF00FE082E /* GameButton.swift */,
			);
			path = UI;
			sourceTree = "<group>";
		};
		F2218D2E284B2CC400C441DF /* Settings */ = {
			isa = PBXGroup;
			children = (
				F2218D2F284B2D0700C441DF /* SettingsViewController.swift */,
			);
			path = Settings;
			sourceTree = "<group>";
		};
		F2218D31284B5B7700C441DF /* Observable */ = {
			isa = PBXGroup;
			children = (
			);
			path = Observable;
			sourceTree = "<group>";
		};
		F22FCF8D284283D500A51851 /* Resources */ = {
			isa = PBXGroup;
			children = (
				F27011822848DB43009DD731 /* LaunchScreen.storyboard */,
				F213294C2846145900BA229A /* Assets.xcassets */,
				F2DFD474284206B100E64D40 /* .swiftlint.yml */,
				F2DFD47628420E5300E64D40 /* .gitignore */,
				F2DFD46B2842002200E64D40 /* Info.plist */,
			);
			path = Resources;
			sourceTree = "<group>";
		};
		F22FCF8E284283EC00A51851 /* App Delegate */ = {
			isa = PBXGroup;
			children = (
				F2DFD45D2842002000E64D40 /* AppDelegate.swift */,
				F2DFD45F2842002000E64D40 /* SceneDelegate.swift */,
			);
			path = "App Delegate";
			sourceTree = "<group>";
		};
		F270117C2848D22B009DD731 /* Questions */ = {
			isa = PBXGroup;
			children = (
				F270117A2848C9CD009DD731 /* QuestionsStrategy.swift */,
				F270117D2848D239009DD731 /* QuestionsData.swift */,
			);
			path = Questions;
			sourceTree = "<group>";
		};
		F27858AA28435681007895C5 /* Game */ = {
			isa = PBXGroup;
			children = (
				F279BE52284634BE000ECC3A /* Controller */,
				F279BE54284634FC000ECC3A /* ButtonStackView */,
			);
			path = Game;
			sourceTree = "<group>";
		};
		F27858B328437DEA007895C5 /* Providers */ = {
			isa = PBXGroup;
			children = (
				F27011802848DB28009DD731 /* GameProvider.swift */,
			);
			path = Providers;
			sourceTree = "<group>";
		};
		F279BE4F284633F6000ECC3A /* Controller */ = {
			isa = PBXGroup;
			children = (
				F21329442845FEE600BA229A /* ResultsViewController.swift */,
			);
			path = Controller;
			sourceTree = "<group>";
		};
		F279BE5128463408000ECC3A /* Cell */ = {
			isa = PBXGroup;
			children = (
				F21329462846023D00BA229A /* ResultTableViewCell.swift */,
			);
			path = Cell;
			sourceTree = "<group>";
		};
		F279BE52284634BE000ECC3A /* Controller */ = {
			isa = PBXGroup;
			children = (
				F27858AB2843569D007895C5 /* GameViewController.swift */,
			);
			path = Controller;
			sourceTree = "<group>";
		};
		F279BE54284634FC000ECC3A /* ButtonStackView */ = {
			isa = PBXGroup;
			children = (
				F27858AD28435D3D007895C5 /* GameButtonsStackView.swift */,
			);
			path = ButtonStackView;
			sourceTree = "<group>";
		};
		F279BE5528464567000ECC3A /* My assets */ = {
			isa = PBXGroup;
			children = (
				F21F91AB284284E500FE082E /* MyAssets.swift */,
			);
			path = "My assets";
			sourceTree = "<group>";
		};
		F279BE5728464589000ECC3A /* Helpers */ = {
			isa = PBXGroup;
			children = (
				F270117C2848D22B009DD731 /* Questions */,
			);
			path = Helpers;
			sourceTree = "<group>";
		};
		F279BE58284645B7000ECC3A /* Models */ = {
			isa = PBXGroup;
			children = (
				F20154E92844C3CA007CF4EE /* GameSessionModel.swift */,
				F279BE59284645F6000ECC3A /* ResultModel.swift */,
				F279BE5B28464667000ECC3A /* QuestionsModel.swift */,
			);
			path = Models;
			sourceTree = "<group>";
		};
		F279BE5D284646F7000ECC3A /* Layers */ = {
			isa = PBXGroup;
			children = (
				F279BE6328464728000ECC3A /* GameLayer.swift */,
				F279BE4D284629C1000ECC3A /* ResultsCaretakerLayer.swift */,
			);
			path = Layers;
			sourceTree = "<group>";
		};
		F2DFD4512842002000E64D40 = {
			isa = PBXGroup;
			children = (
				F2DFD45C2842002000E64D40 /* millionaireGame */,
				F2DFD45B2842002000E64D40 /* Products */,
			);
			sourceTree = "<group>";
		};
		F2DFD45B2842002000E64D40 /* Products */ = {
			isa = PBXGroup;
			children = (
				F2DFD45A2842002000E64D40 /* millionaireGame.app */,
			);
			name = Products;
			sourceTree = "<group>";
		};
		F2DFD45C2842002000E64D40 /* millionaireGame */ = {
			isa = PBXGroup;
			children = (
				F22FCF8E284283EC00A51851 /* App Delegate */,
				F21F91A9284284A100FE082E /* Screens */,
				F21F91AE28428BCB00FE082E /* UI */,
				F21F91AA284284AE00FE082E /* Supports */,
				F279BE58284645B7000ECC3A /* Models */,
				F22FCF8D284283D500A51851 /* Resources */,
			);
			path = millionaireGame;
			sourceTree = "<group>";
		};
/* End PBXGroup section */

/* Begin PBXNativeTarget section */
		F2DFD4592842002000E64D40 /* millionaireGame */ = {
			isa = PBXNativeTarget;
			buildConfigurationList = F2DFD46E2842002200E64D40 /* Build configuration list for PBXNativeTarget "millionaireGame" */;
			buildPhases = (
				F2DFD4562842002000E64D40 /* Sources */,
				F2DFD4572842002000E64D40 /* Frameworks */,
				F2DFD4582842002000E64D40 /* Resources */,
				F2DFD473284205F700E64D40 /* ShellScript */,
			);
			buildRules = (
			);
			dependencies = (
			);
			name = millionaireGame;
			productName = millionaireGame;
			productReference = F2DFD45A2842002000E64D40 /* millionaireGame.app */;
			productType = "com.apple.product-type.application";
		};
/* End PBXNativeTarget section */

/* Begin PBXProject section */
		F2DFD4522842002000E64D40 /* Project object */ = {
			isa = PBXProject;
			attributes = {
				BuildIndependentTargetsInParallel = 1;
				LastSwiftUpdateCheck = 1340;
				LastUpgradeCheck = 1340;
				TargetAttributes = {
					F2DFD4592842002000E64D40 = {
						CreatedOnToolsVersion = 13.4;
					};
				};
			};
			buildConfigurationList = F2DFD4552842002000E64D40 /* Build configuration list for PBXProject "millionaireGame" */;
			compatibilityVersion = "Xcode 13.0";
			developmentRegion = en;
			hasScannedForEncodings = 0;
			knownRegions = (
				en,
				Base,
			);
			mainGroup = F2DFD4512842002000E64D40;
			productRefGroup = F2DFD45B2842002000E64D40 /* Products */;
			projectDirPath = "";
			projectRoot = "";
			targets = (
				F2DFD4592842002000E64D40 /* millionaireGame */,
			);
		};
/* End PBXProject section */

/* Begin PBXResourcesBuildPhase section */
		F2DFD4582842002000E64D40 /* Resources */ = {
			isa = PBXResourcesBuildPhase;
			buildActionMask = 2147483647;
			files = (
				F2DFD47728420E5300E64D40 /* .gitignore in Resources */,
				F27011832848DB43009DD731 /* LaunchScreen.storyboard in Resources */,
				F2DFD475284206B100E64D40 /* .swiftlint.yml in Resources */,
				F213294D2846145A00BA229A /* Assets.xcassets in Resources */,
			);
			runOnlyForDeploymentPostprocessing = 0;
		};
/* End PBXResourcesBuildPhase section */

/* Begin PBXShellScriptBuildPhase section */
		F2DFD473284205F700E64D40 /* ShellScript */ = {
			isa = PBXShellScriptBuildPhase;
			buildActionMask = 2147483647;
			files = (
			);
			inputFileListPaths = (
			);
			inputPaths = (
			);
			outputFileListPaths = (
			);
			outputPaths = (
			);
			runOnlyForDeploymentPostprocessing = 0;
			shellPath = /bin/sh;
			shellScript = "# Type a script or drag a script file from your workspace to insert its path.\nexport PATH=\"$PATH:/opt/homebrew/bin\"\nif which swiftlint > /dev/null; then\n  swiftlint\nelse\n  echo \"warning: SwiftLint not installed, download from https://github.com/realm/SwiftLint\"\nfi\n";
		};
/* End PBXShellScriptBuildPhase section */

/* Begin PBXSourcesBuildPhase section */
		F2DFD4562842002000E64D40 /* Sources */ = {
			isa = PBXSourcesBuildPhase;
			buildActionMask = 2147483647;
			files = (
				F2DFD45E2842002000E64D40 /* AppDelegate.swift in Sources */,
				F279BE6428464728000ECC3A /* GameLayer.swift in Sources */,
				F21F91AC284284E500FE082E /* MyAssets.swift in Sources */,
				F20154EA2844C3CA007CF4EE /* GameSessionModel.swift in Sources */,
				F27858AE28435D3D007895C5 /* GameButtonsStackView.swift in Sources */,
				F2DFD4602842002000E64D40 /* SceneDelegate.swift in Sources */,
				F2DFD4722842055400E64D40 /* MainViewController.swift in Sources */,
				F279BE5A284645F6000ECC3A /* ResultModel.swift in Sources */,
				F27011812848DB28009DD731 /* GameProvider.swift in Sources */,
				F27858AC2843569D007895C5 /* GameViewController.swift in Sources */,
				F270117B2848C9CD009DD731 /* QuestionsStrategy.swift in Sources */,
				F270117E2848D239009DD731 /* QuestionsData.swift in Sources */,
				F279BE4E284629C1000ECC3A /* ResultsCaretakerLayer.swift in Sources */,
				F21329472846023D00BA229A /* ResultTableViewCell.swift in Sources */,
				F279BE5C28464667000ECC3A /* QuestionsModel.swift in Sources */,
				F21F91B028428BDF00FE082E /* GameButton.swift in Sources */,
				F21329452845FEE600BA229A /* ResultsViewController.swift in Sources */,
				F2218D33284B5B8D00C441DF /* Observable.swift in Sources */,
				F2218D30284B2D0700C441DF /* SettingsViewController.swift in Sources */,
			);
			runOnlyForDeploymentPostprocessing = 0;
		};
/* End PBXSourcesBuildPhase section */

/* Begin XCBuildConfiguration section */
		F2DFD46C2842002200E64D40 /* Debug */ = {
			isa = XCBuildConfiguration;
			buildSettings = {
				ALWAYS_SEARCH_USER_PATHS = NO;
				CLANG_ANALYZER_NONNULL = YES;
				CLANG_ANALYZER_NUMBER_OBJECT_CONVERSION = YES_AGGRESSIVE;
				CLANG_CXX_LANGUAGE_STANDARD = "gnu++17";
				CLANG_ENABLE_MODULES = YES;
				CLANG_ENABLE_OBJC_ARC = YES;
				CLANG_ENABLE_OBJC_WEAK = YES;
				CLANG_WARN_BLOCK_CAPTURE_AUTORELEASING = YES;
				CLANG_WARN_BOOL_CONVERSION = YES;
				CLANG_WARN_COMMA = YES;
				CLANG_WARN_CONSTANT_CONVERSION = YES;
				CLANG_WARN_DEPRECATED_OBJC_IMPLEMENTATIONS = YES;
				CLANG_WARN_DIRECT_OBJC_ISA_USAGE = YES_ERROR;
				CLANG_WARN_DOCUMENTATION_COMMENTS = YES;
				CLANG_WARN_EMPTY_BODY = YES;
				CLANG_WARN_ENUM_CONVERSION = YES;
				CLANG_WARN_INFINITE_RECURSION = YES;
				CLANG_WARN_INT_CONVERSION = YES;
				CLANG_WARN_NON_LITERAL_NULL_CONVERSION = YES;
				CLANG_WARN_OBJC_IMPLICIT_RETAIN_SELF = YES;
				CLANG_WARN_OBJC_LITERAL_CONVERSION = YES;
				CLANG_WARN_OBJC_ROOT_CLASS = YES_ERROR;
				CLANG_WARN_QUOTED_INCLUDE_IN_FRAMEWORK_HEADER = YES;
				CLANG_WARN_RANGE_LOOP_ANALYSIS = YES;
				CLANG_WARN_STRICT_PROTOTYPES = YES;
				CLANG_WARN_SUSPICIOUS_MOVE = YES;
				CLANG_WARN_UNGUARDED_AVAILABILITY = YES_AGGRESSIVE;
				CLANG_WARN_UNREACHABLE_CODE = YES;
				CLANG_WARN__DUPLICATE_METHOD_MATCH = YES;
				COPY_PHASE_STRIP = NO;
				DEBUG_INFORMATION_FORMAT = dwarf;
				ENABLE_STRICT_OBJC_MSGSEND = YES;
				ENABLE_TESTABILITY = YES;
				GCC_C_LANGUAGE_STANDARD = gnu11;
				GCC_DYNAMIC_NO_PIC = NO;
				GCC_NO_COMMON_BLOCKS = YES;
				GCC_OPTIMIZATION_LEVEL = 0;
				GCC_PREPROCESSOR_DEFINITIONS = (
					"DEBUG=1",
					"$(inherited)",
				);
				GCC_WARN_64_TO_32_BIT_CONVERSION = YES;
				GCC_WARN_ABOUT_RETURN_TYPE = YES_ERROR;
				GCC_WARN_UNDECLARED_SELECTOR = YES;
				GCC_WARN_UNINITIALIZED_AUTOS = YES_AGGRESSIVE;
				GCC_WARN_UNUSED_FUNCTION = YES;
				GCC_WARN_UNUSED_VARIABLE = YES;
				INFOPLIST_KEY_UILaunchScreen_Generation = NO;
				INFOPLIST_KEY_UILaunchStoryboardName = "";
				IPHONEOS_DEPLOYMENT_TARGET = 15.5;
				MTL_ENABLE_DEBUG_INFO = INCLUDE_SOURCE;
				MTL_FAST_MATH = YES;
				ONLY_ACTIVE_ARCH = YES;
				SDKROOT = iphoneos;
				SWIFT_ACTIVE_COMPILATION_CONDITIONS = DEBUG;
				SWIFT_OPTIMIZATION_LEVEL = "-Onone";
			};
			name = Debug;
		};
		F2DFD46D2842002200E64D40 /* Release */ = {
			isa = XCBuildConfiguration;
			buildSettings = {
				ALWAYS_SEARCH_USER_PATHS = NO;
				CLANG_ANALYZER_NONNULL = YES;
				CLANG_ANALYZER_NUMBER_OBJECT_CONVERSION = YES_AGGRESSIVE;
				CLANG_CXX_LANGUAGE_STANDARD = "gnu++17";
				CLANG_ENABLE_MODULES = YES;
				CLANG_ENABLE_OBJC_ARC = YES;
				CLANG_ENABLE_OBJC_WEAK = YES;
				CLANG_WARN_BLOCK_CAPTURE_AUTORELEASING = YES;
				CLANG_WARN_BOOL_CONVERSION = YES;
				CLANG_WARN_COMMA = YES;
				CLANG_WARN_CONSTANT_CONVERSION = YES;
				CLANG_WARN_DEPRECATED_OBJC_IMPLEMENTATIONS = YES;
				CLANG_WARN_DIRECT_OBJC_ISA_USAGE = YES_ERROR;
				CLANG_WARN_DOCUMENTATION_COMMENTS = YES;
				CLANG_WARN_EMPTY_BODY = YES;
				CLANG_WARN_ENUM_CONVERSION = YES;
				CLANG_WARN_INFINITE_RECURSION = YES;
				CLANG_WARN_INT_CONVERSION = YES;
				CLANG_WARN_NON_LITERAL_NULL_CONVERSION = YES;
				CLANG_WARN_OBJC_IMPLICIT_RETAIN_SELF = YES;
				CLANG_WARN_OBJC_LITERAL_CONVERSION = YES;
				CLANG_WARN_OBJC_ROOT_CLASS = YES_ERROR;
				CLANG_WARN_QUOTED_INCLUDE_IN_FRAMEWORK_HEADER = YES;
				CLANG_WARN_RANGE_LOOP_ANALYSIS = YES;
				CLANG_WARN_STRICT_PROTOTYPES = YES;
				CLANG_WARN_SUSPICIOUS_MOVE = YES;
				CLANG_WARN_UNGUARDED_AVAILABILITY = YES_AGGRESSIVE;
				CLANG_WARN_UNREACHABLE_CODE = YES;
				CLANG_WARN__DUPLICATE_METHOD_MATCH = YES;
				COPY_PHASE_STRIP = NO;
				DEBUG_INFORMATION_FORMAT = "dwarf-with-dsym";
				ENABLE_NS_ASSERTIONS = NO;
				ENABLE_STRICT_OBJC_MSGSEND = YES;
				GCC_C_LANGUAGE_STANDARD = gnu11;
				GCC_NO_COMMON_BLOCKS = YES;
				GCC_WARN_64_TO_32_BIT_CONVERSION = YES;
				GCC_WARN_ABOUT_RETURN_TYPE = YES_ERROR;
				GCC_WARN_UNDECLARED_SELECTOR = YES;
				GCC_WARN_UNINITIALIZED_AUTOS = YES_AGGRESSIVE;
				GCC_WARN_UNUSED_FUNCTION = YES;
				GCC_WARN_UNUSED_VARIABLE = YES;
				INFOPLIST_KEY_UILaunchScreen_Generation = NO;
				INFOPLIST_KEY_UILaunchStoryboardName = "";
				IPHONEOS_DEPLOYMENT_TARGET = 15.5;
				MTL_ENABLE_DEBUG_INFO = NO;
				MTL_FAST_MATH = YES;
				SDKROOT = iphoneos;
				SWIFT_COMPILATION_MODE = wholemodule;
				SWIFT_OPTIMIZATION_LEVEL = "-O";
				VALIDATE_PRODUCT = YES;
			};
			name = Release;
		};
		F2DFD46F2842002200E64D40 /* Debug */ = {
			isa = XCBuildConfiguration;
			buildSettings = {
				ASSETCATALOG_COMPILER_APPICON_NAME = AppIcon;
				ASSETCATALOG_COMPILER_GLOBAL_ACCENT_COLOR_NAME = AccentColor;
				CODE_SIGN_STYLE = Automatic;
				CURRENT_PROJECT_VERSION = 1;
				DEVELOPMENT_TEAM = 97UL48L835;
				GENERATE_INFOPLIST_FILE = YES;
				INFOPLIST_FILE = millionaireGame/Resources/Info.plist;
				INFOPLIST_KEY_UIApplicationSupportsIndirectInputEvents = YES;
				INFOPLIST_KEY_UILaunchStoryboardName = LaunchScreen;
				INFOPLIST_KEY_UIStatusBarHidden = NO;
				INFOPLIST_KEY_UISupportedInterfaceOrientations = UIInterfaceOrientationPortrait;
				INFOPLIST_KEY_UISupportedInterfaceOrientations_iPad = "UIInterfaceOrientationPortrait UIInterfaceOrientationPortraitUpsideDown UIInterfaceOrientationLandscapeLeft UIInterfaceOrientationLandscapeRight";
				INFOPLIST_KEY_UISupportedInterfaceOrientations_iPhone = "UIInterfaceOrientationPortrait UIInterfaceOrientationLandscapeLeft UIInterfaceOrientationLandscapeRight";
				LD_RUNPATH_SEARCH_PATHS = (
					"$(inherited)",
					"@executable_path/Frameworks",
				);
				MARKETING_VERSION = 1.0;
				PRODUCT_BUNDLE_IDENTIFIER = gb.millionaireGame;
				PRODUCT_NAME = "$(TARGET_NAME)";
				SWIFT_EMIT_LOC_STRINGS = YES;
				SWIFT_VERSION = 5.0;
				TARGETED_DEVICE_FAMILY = 1;
			};
			name = Debug;
		};
		F2DFD4702842002200E64D40 /* Release */ = {
			isa = XCBuildConfiguration;
			buildSettings = {
				ASSETCATALOG_COMPILER_APPICON_NAME = AppIcon;
				ASSETCATALOG_COMPILER_GLOBAL_ACCENT_COLOR_NAME = AccentColor;
				CODE_SIGN_STYLE = Automatic;
				CURRENT_PROJECT_VERSION = 1;
				DEVELOPMENT_TEAM = 97UL48L835;
				GENERATE_INFOPLIST_FILE = YES;
				INFOPLIST_FILE = millionaireGame/Resources/Info.plist;
				INFOPLIST_KEY_UIApplicationSupportsIndirectInputEvents = YES;
				INFOPLIST_KEY_UILaunchStoryboardName = LaunchScreen;
				INFOPLIST_KEY_UIStatusBarHidden = NO;
				INFOPLIST_KEY_UISupportedInterfaceOrientations = UIInterfaceOrientationPortrait;
				INFOPLIST_KEY_UISupportedInterfaceOrientations_iPad = "UIInterfaceOrientationPortrait UIInterfaceOrientationPortraitUpsideDown UIInterfaceOrientationLandscapeLeft UIInterfaceOrientationLandscapeRight";
				INFOPLIST_KEY_UISupportedInterfaceOrientations_iPhone = "UIInterfaceOrientationPortrait UIInterfaceOrientationLandscapeLeft UIInterfaceOrientationLandscapeRight";
				LD_RUNPATH_SEARCH_PATHS = (
					"$(inherited)",
					"@executable_path/Frameworks",
				);
				MARKETING_VERSION = 1.0;
				PRODUCT_BUNDLE_IDENTIFIER = gb.millionaireGame;
				PRODUCT_NAME = "$(TARGET_NAME)";
				SWIFT_EMIT_LOC_STRINGS = YES;
				SWIFT_VERSION = 5.0;
				TARGETED_DEVICE_FAMILY = 1;
			};
			name = Release;
		};
/* End XCBuildConfiguration section */

/* Begin XCConfigurationList section */
		F2DFD4552842002000E64D40 /* Build configuration list for PBXProject "millionaireGame" */ = {
			isa = XCConfigurationList;
			buildConfigurations = (
				F2DFD46C2842002200E64D40 /* Debug */,
				F2DFD46D2842002200E64D40 /* Release */,
			);
			defaultConfigurationIsVisible = 0;
			defaultConfigurationName = Release;
		};
		F2DFD46E2842002200E64D40 /* Build configuration list for PBXNativeTarget "millionaireGame" */ = {
			isa = XCConfigurationList;
			buildConfigurations = (
				F2DFD46F2842002200E64D40 /* Debug */,
				F2DFD4702842002200E64D40 /* Release */,
			);
			defaultConfigurationIsVisible = 0;
			defaultConfigurationName = Release;
		};
/* End XCConfigurationList section */
	};
	rootObject = F2DFD4522842002000E64D40 /* Project object */;
}
